
Microsoft Visual Studio Solution File, Format Version 12.00
# Visual Studio Version 17
VisualStudioVersion = 17.14.36915.13 d17.14
MinimumVisualStudioVersion = 10.0.40219.1
Project("{FAE04EC0-301F-11D3-BF4B-00C04F79EFBC}") = "WasiuAbiolaTest", "WasiuAbiolaTest\WasiuAbiolaTest.csproj", "{EF0D5185-72FF-41E5-A634-224048E51BD4}"
EndProject
Global
	GlobalSection(SolutionConfigurationPlatforms) = preSolution
		Debug|Any CPU = Debug|Any CPU
		Release|Any CPU = Release|Any CPU
	EndGlobalSection
	GlobalSection(ProjectConfigurationPlatforms) = postSolution
		{EF0D5185-72FF-41E5-A634-224048E51BD4}.Debug|Any CPU.ActiveCfg = Debug|Any CPU
		{EF0D5185-72FF-41E5-A634-224048E51BD4}.Debug|Any CPU.Build.0 = Debug|Any CPU
		{EF0D5185-72FF-41E5-A634-224048E51BD4}.Release|Any CPU.ActiveCfg = Release|Any CPU
		{EF0D5185-72FF-41E5-A634-224048E51BD4}.Release|Any CPU.Build.0 = Release|Any CPU
	EndGlobalSection
	GlobalSection(SolutionProperties) = preSolution
		HideSolutionNode = FALSE
	EndGlobalSection
	GlobalSection(ExtensibilityGlobals) = postSolution
		SolutionGuid = {C8C79245-FC83-42F5-BA47-56BFD755D06A}
	EndGlobalSection
EndGlobal
